// !$*UTF8*$!
{
	archiveVersion = 1;
	classes = {
	};
	objectVersion = 60;
	objects = {

/* Begin PBXBuildFile section */
		B4017A312C5B2A0B005BB9B3 /* PlaylistDescriptionCell.swift in Sources */ = {isa = PBXBuildFile; fileRef = B4017A302C5B2A0B005BB9B3 /* PlaylistDescriptionCell.swift */; };
		B402BC642C475C2700E74CA7 /* SwiftfulSwiftUIInPracticeApp.swift in Sources */ = {isa = PBXBuildFile; fileRef = B402BC632C475C2700E74CA7 /* SwiftfulSwiftUIInPracticeApp.swift */; };
		B402BC662C475C2700E74CA7 /* ContentView.swift in Sources */ = {isa = PBXBuildFile; fileRef = B402BC652C475C2700E74CA7 /* ContentView.swift */; };
		B402BC682C475C2800E74CA7 /* Assets.xcassets in Resources */ = {isa = PBXBuildFile; fileRef = B402BC672C475C2800E74CA7 /* Assets.xcassets */; };
		B402BC6C2C475C2800E74CA7 /* Preview Assets.xcassets in Resources */ = {isa = PBXBuildFile; fileRef = B402BC6B2C475C2800E74CA7 /* Preview Assets.xcassets */; };
		B402BC742C47601500E74CA7 /* SDWebImageSwiftUI in Frameworks */ = {isa = PBXBuildFile; productRef = B402BC732C47601500E74CA7 /* SDWebImageSwiftUI */; };
		B402BC772C47604E00E74CA7 /* ImageLoaderView.swift in Sources */ = {isa = PBXBuildFile; fileRef = B402BC762C47604E00E74CA7 /* ImageLoaderView.swift */; };
		B402BC792C4760EA00E74CA7 /* Constants.swift in Sources */ = {isa = PBXBuildFile; fileRef = B402BC782C4760EA00E74CA7 /* Constants.swift */; };
		B437CC2C2C59CC6B0079B2F8 /* SpotifyPlaylistView.swift in Sources */ = {isa = PBXBuildFile; fileRef = B437CC2B2C59CC6B0079B2F8 /* SpotifyPlaylistView.swift */; };
		B437CC2E2C59CC970079B2F8 /* PlaylistHeaderCell.swift in Sources */ = {isa = PBXBuildFile; fileRef = B437CC2D2C59CC970079B2F8 /* PlaylistHeaderCell.swift */; };
		B437F8F22C6C3E92009BA82D /* BumbleCardView.swift in Sources */ = {isa = PBXBuildFile; fileRef = B437F8F12C6C3E92009BA82D /* BumbleCardView.swift */; };
		B437F8F42C6C420A009BA82D /* BumbleHeartView.swift in Sources */ = {isa = PBXBuildFile; fileRef = B437F8F32C6C420A009BA82D /* BumbleHeartView.swift */; };
		B437F8F62C6C4A5F009BA82D /* InterestPillView.swift in Sources */ = {isa = PBXBuildFile; fileRef = B437F8F52C6C4A5F009BA82D /* InterestPillView.swift */; };
		B437F8F82C6C4C60009BA82D /* InterestPillGridView.swift in Sources */ = {isa = PBXBuildFile; fileRef = B437F8F72C6C4C60009BA82D /* InterestPillGridView.swift */; };
		B43941C02C5875F70047E0BB /* ImageTitleRowCell.swift in Sources */ = {isa = PBXBuildFile; fileRef = B43941BF2C5875F70047E0BB /* ImageTitleRowCell.swift */; };
		B43BD5FA2C508B61007509A7 /* SpotifyCategoryCell.swift in Sources */ = {isa = PBXBuildFile; fileRef = B43BD5F92C508B61007509A7 /* SpotifyCategoryCell.swift */; };
		B44E5EF82C6068440080F3B8 /* SongRowCell.swift in Sources */ = {isa = PBXBuildFile; fileRef = B44E5EF72C6068430080F3B8 /* SongRowCell.swift */; };
		B451CBD82C48A833003C4B4B /* DatabaseHelper.swift in Sources */ = {isa = PBXBuildFile; fileRef = B451CBD72C48A833003C4B4B /* DatabaseHelper.swift */; };
		B451CBDA2C48ADC6003C4B4B /* Product.swift in Sources */ = {isa = PBXBuildFile; fileRef = B451CBD92C48ADC6003C4B4B /* Product.swift */; };
		B451CBDC2C48ADE0003C4B4B /* User.swift in Sources */ = {isa = PBXBuildFile; fileRef = B451CBDB2C48ADE0003C4B4B /* User.swift */; };
		B451CBDF2C48B211003C4B4B /* SwiftfulUI in Frameworks */ = {isa = PBXBuildFile; productRef = B451CBDE2C48B211003C4B4B /* SwiftfulUI */; };
		B451CBE22C48B22E003C4B4B /* SwiftfulRouting in Frameworks */ = {isa = PBXBuildFile; productRef = B451CBE12C48B22E003C4B4B /* SwiftfulRouting */; };
		B45565832C4F4D2400086C8A /* SpotifyHomeView.swift in Sources */ = {isa = PBXBuildFile; fileRef = B45565822C4F4D2400086C8A /* SpotifyHomeView.swift */; };
		B476BEE02C7D6C0B002038A1 /* BumbleChatsView.swift in Sources */ = {isa = PBXBuildFile; fileRef = B476BEDF2C7D6C0B002038A1 /* BumbleChatsView.swift */; };
		B47DA38B2C6AF2D600C2317B /* BumbleFilterView.swift in Sources */ = {isa = PBXBuildFile; fileRef = B47DA38A2C6AF2D600C2317B /* BumbleFilterView.swift */; };
		B48C513A2C76CBC000DE2EB0 /* BumbleProfileImageCell.swift in Sources */ = {isa = PBXBuildFile; fileRef = B48C51392C76CBC000DE2EB0 /* BumbleProfileImageCell.swift */; };
		B48C513C2C76D6D800DE2EB0 /* BumbleChatPreviewCell.swift in Sources */ = {isa = PBXBuildFile; fileRef = B48C513B2C76D6D800DE2EB0 /* BumbleChatPreviewCell.swift */; };
		B49748152C50A2B70080D5AB /* Category.swift in Sources */ = {isa = PBXBuildFile; fileRef = B49748142C50A2B70080D5AB /* Category.swift */; };
		B4A8A5262C7EB993003A59E6 /* NetflixHomeView.swift in Sources */ = {isa = PBXBuildFile; fileRef = B4A8A5252C7EB993003A59E6 /* NetflixHomeView.swift */; };
		B4A8A5282C7EBB48003A59E6 /* NetflixFilterCell.swift in Sources */ = {isa = PBXBuildFile; fileRef = B4A8A5272C7EBB48003A59E6 /* NetflixFilterCell.swift */; };
		B4A8A52A2C7EBF33003A59E6 /* NetflixFilterBarView.swift in Sources */ = {isa = PBXBuildFile; fileRef = B4A8A5292C7EBF33003A59E6 /* NetflixFilterBarView.swift */; };
		B4AC32FC2C51E8BE00C67476 /* SpotifyRecentCell.swift in Sources */ = {isa = PBXBuildFile; fileRef = B4AC32FB2C51E8BE00C67476 /* SpotifyRecentCell.swift */; };
		B4B0B3312C5330E400470DF0 /* SpotifyNewReleaseCell.swift in Sources */ = {isa = PBXBuildFile; fileRef = B4B0B3302C5330E400470DF0 /* SpotifyNewReleaseCell.swift */; };
		B4C5FAFB2C698F5B00D45B8B /* BumbleHomeView.swift in Sources */ = {isa = PBXBuildFile; fileRef = B4C5FAFA2C698F5B00D45B8B /* BumbleHomeView.swift */; };
		B4C900162C5099E700E32EE2 /* SpotifyColors.swift in Sources */ = {isa = PBXBuildFile; fileRef = B4C900152C5099E700E32EE2 /* SpotifyColors.swift */; };
/* End PBXBuildFile section */

/* Begin PBXFileReference section */
		B4017A302C5B2A0B005BB9B3 /* PlaylistDescriptionCell.swift */ = {isa = PBXFileReference; lastKnownFileType = sourcecode.swift; path = PlaylistDescriptionCell.swift; sourceTree = "<group>"; };
		B402BC602C475C2700E74CA7 /* SwiftfulSwiftUIInPractice.app */ = {isa = PBXFileReference; explicitFileType = wrapper.application; includeInIndex = 0; path = SwiftfulSwiftUIInPractice.app; sourceTree = BUILT_PRODUCTS_DIR; };
		B402BC632C475C2700E74CA7 /* SwiftfulSwiftUIInPracticeApp.swift */ = {isa = PBXFileReference; lastKnownFileType = sourcecode.swift; path = SwiftfulSwiftUIInPracticeApp.swift; sourceTree = "<group>"; };
		B402BC652C475C2700E74CA7 /* ContentView.swift */ = {isa = PBXFileReference; lastKnownFileType = sourcecode.swift; path = ContentView.swift; sourceTree = "<group>"; };
		B402BC672C475C2800E74CA7 /* Assets.xcassets */ = {isa = PBXFileReference; lastKnownFileType = folder.assetcatalog; path = Assets.xcassets; sourceTree = "<group>"; };
		B402BC692C475C2800E74CA7 /* SwiftfulSwiftUIInPractice.entitlements */ = {isa = PBXFileReference; lastKnownFileType = text.plist.entitlements; path = SwiftfulSwiftUIInPractice.entitlements; sourceTree = "<group>"; };
		B402BC6B2C475C2800E74CA7 /* Preview Assets.xcassets */ = {isa = PBXFileReference; lastKnownFileType = folder.assetcatalog; path = "Preview Assets.xcassets"; sourceTree = "<group>"; };
		B402BC762C47604E00E74CA7 /* ImageLoaderView.swift */ = {isa = PBXFileReference; lastKnownFileType = sourcecode.swift; path = ImageLoaderView.swift; sourceTree = "<group>"; };
		B402BC782C4760EA00E74CA7 /* Constants.swift */ = {isa = PBXFileReference; lastKnownFileType = sourcecode.swift; path = Constants.swift; sourceTree = "<group>"; };
		B437CC2B2C59CC6B0079B2F8 /* SpotifyPlaylistView.swift */ = {isa = PBXFileReference; lastKnownFileType = sourcecode.swift; path = SpotifyPlaylistView.swift; sourceTree = "<group>"; };
		B437CC2D2C59CC970079B2F8 /* PlaylistHeaderCell.swift */ = {isa = PBXFileReference; lastKnownFileType = sourcecode.swift; path = PlaylistHeaderCell.swift; sourceTree = "<group>"; };
		B437F8F12C6C3E92009BA82D /* BumbleCardView.swift */ = {isa = PBXFileReference; lastKnownFileType = sourcecode.swift; path = BumbleCardView.swift; sourceTree = "<group>"; };
		B437F8F32C6C420A009BA82D /* BumbleHeartView.swift */ = {isa = PBXFileReference; lastKnownFileType = sourcecode.swift; path = BumbleHeartView.swift; sourceTree = "<group>"; };
		B437F8F52C6C4A5F009BA82D /* InterestPillView.swift */ = {isa = PBXFileReference; lastKnownFileType = sourcecode.swift; path = InterestPillView.swift; sourceTree = "<group>"; };
		B437F8F72C6C4C60009BA82D /* InterestPillGridView.swift */ = {isa = PBXFileReference; lastKnownFileType = sourcecode.swift; path = InterestPillGridView.swift; sourceTree = "<group>"; };
		B43941BF2C5875F70047E0BB /* ImageTitleRowCell.swift */ = {isa = PBXFileReference; lastKnownFileType = sourcecode.swift; path = ImageTitleRowCell.swift; sourceTree = "<group>"; };
		B43BD5F92C508B61007509A7 /* SpotifyCategoryCell.swift */ = {isa = PBXFileReference; lastKnownFileType = sourcecode.swift; path = SpotifyCategoryCell.swift; sourceTree = "<group>"; };
		B44E5EF72C6068430080F3B8 /* SongRowCell.swift */ = {isa = PBXFileReference; lastKnownFileType = sourcecode.swift; path = SongRowCell.swift; sourceTree = "<group>"; };
		B451CBD72C48A833003C4B4B /* DatabaseHelper.swift */ = {isa = PBXFileReference; lastKnownFileType = sourcecode.swift; path = DatabaseHelper.swift; sourceTree = "<group>"; };
		B451CBD92C48ADC6003C4B4B /* Product.swift */ = {isa = PBXFileReference; lastKnownFileType = sourcecode.swift; path = Product.swift; sourceTree = "<group>"; };
		B451CBDB2C48ADE0003C4B4B /* User.swift */ = {isa = PBXFileReference; lastKnownFileType = sourcecode.swift; path = User.swift; sourceTree = "<group>"; };
		B45565822C4F4D2400086C8A /* SpotifyHomeView.swift */ = {isa = PBXFileReference; lastKnownFileType = sourcecode.swift; path = SpotifyHomeView.swift; sourceTree = "<group>"; };
		B476BEDF2C7D6C0B002038A1 /* BumbleChatsView.swift */ = {isa = PBXFileReference; lastKnownFileType = sourcecode.swift; path = BumbleChatsView.swift; sourceTree = "<group>"; };
		B47DA38A2C6AF2D600C2317B /* BumbleFilterView.swift */ = {isa = PBXFileReference; lastKnownFileType = sourcecode.swift; path = BumbleFilterView.swift; sourceTree = "<group>"; };
		B48C51392C76CBC000DE2EB0 /* BumbleProfileImageCell.swift */ = {isa = PBXFileReference; lastKnownFileType = sourcecode.swift; path = BumbleProfileImageCell.swift; sourceTree = "<group>"; };
		B48C513B2C76D6D800DE2EB0 /* BumbleChatPreviewCell.swift */ = {isa = PBXFileReference; lastKnownFileType = sourcecode.swift; path = BumbleChatPreviewCell.swift; sourceTree = "<group>"; };
		B49748142C50A2B70080D5AB /* Category.swift */ = {isa = PBXFileReference; lastKnownFileType = sourcecode.swift; path = Category.swift; sourceTree = "<group>"; };
		B4A8A5252C7EB993003A59E6 /* NetflixHomeView.swift */ = {isa = PBXFileReference; lastKnownFileType = sourcecode.swift; path = NetflixHomeView.swift; sourceTree = "<group>"; };
		B4A8A5272C7EBB48003A59E6 /* NetflixFilterCell.swift */ = {isa = PBXFileReference; lastKnownFileType = sourcecode.swift; path = NetflixFilterCell.swift; sourceTree = "<group>"; };
		B4A8A5292C7EBF33003A59E6 /* NetflixFilterBarView.swift */ = {isa = PBXFileReference; lastKnownFileType = sourcecode.swift; path = NetflixFilterBarView.swift; sourceTree = "<group>"; };
		B4AC32FB2C51E8BE00C67476 /* SpotifyRecentCell.swift */ = {isa = PBXFileReference; lastKnownFileType = sourcecode.swift; path = SpotifyRecentCell.swift; sourceTree = "<group>"; };
		B4B0B3302C5330E400470DF0 /* SpotifyNewReleaseCell.swift */ = {isa = PBXFileReference; lastKnownFileType = sourcecode.swift; path = SpotifyNewReleaseCell.swift; sourceTree = "<group>"; };
		B4C5FAFA2C698F5B00D45B8B /* BumbleHomeView.swift */ = {isa = PBXFileReference; lastKnownFileType = sourcecode.swift; path = BumbleHomeView.swift; sourceTree = "<group>"; };
		B4C900152C5099E700E32EE2 /* SpotifyColors.swift */ = {isa = PBXFileReference; lastKnownFileType = sourcecode.swift; path = SpotifyColors.swift; sourceTree = "<group>"; };
/* End PBXFileReference section */

/* Begin PBXFrameworksBuildPhase section */
		B402BC5D2C475C2700E74CA7 /* Frameworks */ = {
			isa = PBXFrameworksBuildPhase;
			buildActionMask = 2147483647;
			files = (
				B451CBDF2C48B211003C4B4B /* SwiftfulUI in Frameworks */,
				B451CBE22C48B22E003C4B4B /* SwiftfulRouting in Frameworks */,
				B402BC742C47601500E74CA7 /* SDWebImageSwiftUI in Frameworks */,
			);
			runOnlyForDeploymentPostprocessing = 0;
		};
/* End PBXFrameworksBuildPhase section */

/* Begin PBXGroup section */
		B402BC572C475C2700E74CA7 = {
			isa = PBXGroup;
			children = (
				B402BC622C475C2700E74CA7 /* SwiftfulSwiftUIInPractice */,
				B402BC612C475C2700E74CA7 /* Products */,
			);
			sourceTree = "<group>";
		};
		B402BC612C475C2700E74CA7 /* Products */ = {
			isa = PBXGroup;
			children = (
				B402BC602C475C2700E74CA7 /* SwiftfulSwiftUIInPractice.app */,
			);
			name = Products;
			sourceTree = "<group>";
		};
		B402BC622C475C2700E74CA7 /* SwiftfulSwiftUIInPractice */ = {
			isa = PBXGroup;
			children = (
				B402BC632C475C2700E74CA7 /* SwiftfulSwiftUIInPracticeApp.swift */,
				B402BC652C475C2700E74CA7 /* ContentView.swift */,
				B4A8A5222C7EB928003A59E6 /* Netflix */,
				B4C5FAF72C698DF600D45B8B /* Bumble */,
				B455657F2C4F4CF000086C8A /* Spotify */,
				B402BC752C47602C00E74CA7 /* Shared */,
				B402BC672C475C2800E74CA7 /* Assets.xcassets */,
				B402BC692C475C2800E74CA7 /* SwiftfulSwiftUIInPractice.entitlements */,
				B402BC6A2C475C2800E74CA7 /* Preview Content */,
			);
			path = SwiftfulSwiftUIInPractice;
			sourceTree = "<group>";
		};
		B402BC6A2C475C2800E74CA7 /* Preview Content */ = {
			isa = PBXGroup;
			children = (
				B402BC6B2C475C2800E74CA7 /* Preview Assets.xcassets */,
			);
			path = "Preview Content";
			sourceTree = "<group>";
		};
		B402BC752C47602C00E74CA7 /* Shared */ = {
			isa = PBXGroup;
			children = (
				B402BC762C47604E00E74CA7 /* ImageLoaderView.swift */,
				B402BC782C4760EA00E74CA7 /* Constants.swift */,
				B451CBD72C48A833003C4B4B /* DatabaseHelper.swift */,
				B451CBD92C48ADC6003C4B4B /* Product.swift */,
				B451CBDB2C48ADE0003C4B4B /* User.swift */,
			);
			path = Shared;
			sourceTree = "<group>";
		};
		B455657F2C4F4CF000086C8A /* Spotify */ = {
			isa = PBXGroup;
			children = (
				B49748132C50A29B0080D5AB /* Models */,
				B45565812C4F4D0400086C8A /* Components */,
				B45565802C4F4CFA00086C8A /* Core */,
			);
			path = Spotify;
			sourceTree = "<group>";
		};
		B45565802C4F4CFA00086C8A /* Core */ = {
			isa = PBXGroup;
			children = (
				B45565822C4F4D2400086C8A /* SpotifyHomeView.swift */,
				B437CC2B2C59CC6B0079B2F8 /* SpotifyPlaylistView.swift */,
				B44E5EF72C6068430080F3B8 /* SongRowCell.swift */,
			);
			path = Core;
			sourceTree = "<group>";
		};
		B45565812C4F4D0400086C8A /* Components */ = {
			isa = PBXGroup;
			children = (
				B43BD5F92C508B61007509A7 /* SpotifyCategoryCell.swift */,
				B4AC32FB2C51E8BE00C67476 /* SpotifyRecentCell.swift */,
				B4B0B3302C5330E400470DF0 /* SpotifyNewReleaseCell.swift */,
				B43941BF2C5875F70047E0BB /* ImageTitleRowCell.swift */,
				B437CC2D2C59CC970079B2F8 /* PlaylistHeaderCell.swift */,
				B4017A302C5B2A0B005BB9B3 /* PlaylistDescriptionCell.swift */,
			);
			path = Components;
			sourceTree = "<group>";
		};
		B49748132C50A29B0080D5AB /* Models */ = {
			isa = PBXGroup;
			children = (
				B4C900152C5099E700E32EE2 /* SpotifyColors.swift */,
				B49748142C50A2B70080D5AB /* Category.swift */,
			);
			path = Models;
			sourceTree = "<group>";
		};
		B4A8A5222C7EB928003A59E6 /* Netflix */ = {
			isa = PBXGroup;
			children = (
				B4A8A5242C7EB97D003A59E6 /* Components */,
				B4A8A5232C7EB972003A59E6 /* Core */,
			);
			path = Netflix;
			sourceTree = "<group>";
		};
		B4A8A5232C7EB972003A59E6 /* Core */ = {
			isa = PBXGroup;
			children = (
				B4A8A5252C7EB993003A59E6 /* NetflixHomeView.swift */,
			);
			path = Core;
			sourceTree = "<group>";
		};
		B4A8A5242C7EB97D003A59E6 /* Components */ = {
			isa = PBXGroup;
			children = (
				B4A8A5272C7EBB48003A59E6 /* NetflixFilterCell.swift */,
				B4A8A5292C7EBF33003A59E6 /* NetflixFilterBarView.swift */,
			);
			path = Components;
			sourceTree = "<group>";
		};
		B4C5FAF72C698DF600D45B8B /* Bumble */ = {
			isa = PBXGroup;
			children = (
				B4C5FAF92C698F4100D45B8B /* Core */,
				B4C5FAF82C698F3200D45B8B /* Components */,
			);
			path = Bumble;
			sourceTree = "<group>";
		};
		B4C5FAF82C698F3200D45B8B /* Components */ = {
			isa = PBXGroup;
			children = (
				B47DA38A2C6AF2D600C2317B /* BumbleFilterView.swift */,
				B437F8F12C6C3E92009BA82D /* BumbleCardView.swift */,
				B437F8F32C6C420A009BA82D /* BumbleHeartView.swift */,
				B437F8F52C6C4A5F009BA82D /* InterestPillView.swift */,
				B437F8F72C6C4C60009BA82D /* InterestPillGridView.swift */,
				B48C51392C76CBC000DE2EB0 /* BumbleProfileImageCell.swift */,
				B48C513B2C76D6D800DE2EB0 /* BumbleChatPreviewCell.swift */,
			);
			path = Components;
			sourceTree = "<group>";
		};
		B4C5FAF92C698F4100D45B8B /* Core */ = {
			isa = PBXGroup;
			children = (
				B4C5FAFA2C698F5B00D45B8B /* BumbleHomeView.swift */,
				B476BEDF2C7D6C0B002038A1 /* BumbleChatsView.swift */,
			);
			path = Core;
			sourceTree = "<group>";
		};
/* End PBXGroup section */

/* Begin PBXNativeTarget section */
		B402BC5F2C475C2700E74CA7 /* SwiftfulSwiftUIInPractice */ = {
			isa = PBXNativeTarget;
			buildConfigurationList = B402BC6F2C475C2800E74CA7 /* Build configuration list for PBXNativeTarget "SwiftfulSwiftUIInPractice" */;
			buildPhases = (
				B402BC5C2C475C2700E74CA7 /* Sources */,
				B402BC5D2C475C2700E74CA7 /* Frameworks */,
				B402BC5E2C475C2700E74CA7 /* Resources */,
			);
			buildRules = (
			);
			dependencies = (
			);
			name = SwiftfulSwiftUIInPractice;
			packageProductDependencies = (
				B402BC732C47601500E74CA7 /* SDWebImageSwiftUI */,
				B451CBDE2C48B211003C4B4B /* SwiftfulUI */,
				B451CBE12C48B22E003C4B4B /* SwiftfulRouting */,
			);
			productName = SwiftfulSwiftUIInPractice;
			productReference = B402BC602C475C2700E74CA7 /* SwiftfulSwiftUIInPractice.app */;
			productType = "com.apple.product-type.application";
		};
/* End PBXNativeTarget section */

/* Begin PBXProject section */
		B402BC582C475C2700E74CA7 /* Project object */ = {
			isa = PBXProject;
			attributes = {
				BuildIndependentTargetsInParallel = 1;
				LastSwiftUpdateCheck = 1600;
				LastUpgradeCheck = 1600;
				TargetAttributes = {
					B402BC5F2C475C2700E74CA7 = {
						CreatedOnToolsVersion = 16.0;
					};
				};
			};
			buildConfigurationList = B402BC5B2C475C2700E74CA7 /* Build configuration list for PBXProject "SwiftfulSwiftUIInPractice" */;
			compatibilityVersion = "Xcode 15.0";
			developmentRegion = en;
			hasScannedForEncodings = 0;
			knownRegions = (
				en,
				Base,
			);
			mainGroup = B402BC572C475C2700E74CA7;
			packageReferences = (
				B402BC722C47601500E74CA7 /* XCRemoteSwiftPackageReference "SDWebImageSwiftUI" */,
				B451CBDD2C48B211003C4B4B /* XCRemoteSwiftPackageReference "SwiftfulUI" */,
				B451CBE02C48B22E003C4B4B /* XCRemoteSwiftPackageReference "SwiftfulRouting" */,
			);
			productRefGroup = B402BC612C475C2700E74CA7 /* Products */;
			projectDirPath = "";
			projectRoot = "";
			targets = (
				B402BC5F2C475C2700E74CA7 /* SwiftfulSwiftUIInPractice */,
			);
		};
/* End PBXProject section */

/* Begin PBXResourcesBuildPhase section */
		B402BC5E2C475C2700E74CA7 /* Resources */ = {
			isa = PBXResourcesBuildPhase;
			buildActionMask = 2147483647;
			files = (
				B402BC6C2C475C2800E74CA7 /* Preview Assets.xcassets in Resources */,
				B402BC682C475C2800E74CA7 /* Assets.xcassets in Resources */,
			);
			runOnlyForDeploymentPostprocessing = 0;
		};
/* End PBXResourcesBuildPhase section */

/* Begin PBXSourcesBuildPhase section */
		B402BC5C2C475C2700E74CA7 /* Sources */ = {
			isa = PBXSourcesBuildPhase;
			buildActionMask = 2147483647;
			files = (
				B4C5FAFB2C698F5B00D45B8B /* BumbleHomeView.swift in Sources */,
				B402BC772C47604E00E74CA7 /* ImageLoaderView.swift in Sources */,
				B43941C02C5875F70047E0BB /* ImageTitleRowCell.swift in Sources */,
				B476BEE02C7D6C0B002038A1 /* BumbleChatsView.swift in Sources */,
				B4AC32FC2C51E8BE00C67476 /* SpotifyRecentCell.swift in Sources */,
				B437CC2C2C59CC6B0079B2F8 /* SpotifyPlaylistView.swift in Sources */,
				B437F8F82C6C4C60009BA82D /* InterestPillGridView.swift in Sources */,
				B4B0B3312C5330E400470DF0 /* SpotifyNewReleaseCell.swift in Sources */,
				B44E5EF82C6068440080F3B8 /* SongRowCell.swift in Sources */,
				B43BD5FA2C508B61007509A7 /* SpotifyCategoryCell.swift in Sources */,
				B4C900162C5099E700E32EE2 /* SpotifyColors.swift in Sources */,
				B437F8F22C6C3E92009BA82D /* BumbleCardView.swift in Sources */,
				B47DA38B2C6AF2D600C2317B /* BumbleFilterView.swift in Sources */,
				B451CBD82C48A833003C4B4B /* DatabaseHelper.swift in Sources */,
				B45565832C4F4D2400086C8A /* SpotifyHomeView.swift in Sources */,
				B402BC662C475C2700E74CA7 /* ContentView.swift in Sources */,
				B402BC642C475C2700E74CA7 /* SwiftfulSwiftUIInPracticeApp.swift in Sources */,
				B48C513A2C76CBC000DE2EB0 /* BumbleProfileImageCell.swift in Sources */,
				B437F8F62C6C4A5F009BA82D /* InterestPillView.swift in Sources */,
				B402BC792C4760EA00E74CA7 /* Constants.swift in Sources */,
				B4A8A5282C7EBB48003A59E6 /* NetflixFilterCell.swift in Sources */,
				B437F8F42C6C420A009BA82D /* BumbleHeartView.swift in Sources */,
				B451CBDA2C48ADC6003C4B4B /* Product.swift in Sources */,
				B4A8A5262C7EB993003A59E6 /* NetflixHomeView.swift in Sources */,
				B48C513C2C76D6D800DE2EB0 /* BumbleChatPreviewCell.swift in Sources */,
				B4A8A52A2C7EBF33003A59E6 /* NetflixFilterBarView.swift in Sources */,
				B451CBDC2C48ADE0003C4B4B /* User.swift in Sources */,
				B437CC2E2C59CC970079B2F8 /* PlaylistHeaderCell.swift in Sources */,
				B49748152C50A2B70080D5AB /* Category.swift in Sources */,
				B4017A312C5B2A0B005BB9B3 /* PlaylistDescriptionCell.swift in Sources */,
			);
			runOnlyForDeploymentPostprocessing = 0;
		};
/* End PBXSourcesBuildPhase section */

/* Begin XCBuildConfiguration section */
		B402BC6D2C475C2800E74CA7 /* Debug */ = {
			isa = XCBuildConfiguration;
			buildSettings = {
				ALWAYS_SEARCH_USER_PATHS = NO;
				ASSETCATALOG_COMPILER_GENERATE_SWIFT_ASSET_SYMBOL_EXTENSIONS = YES;
				CLANG_ANALYZER_NONNULL = YES;
				CLANG_ANALYZER_NUMBER_OBJECT_CONVERSION = YES_AGGRESSIVE;
				CLANG_CXX_LANGUAGE_STANDARD = "gnu++20";
				CLANG_ENABLE_MODULES = YES;
				CLANG_ENABLE_OBJC_ARC = YES;
				CLANG_ENABLE_OBJC_WEAK = YES;
				CLANG_WARN_BLOCK_CAPTURE_AUTORELEASING = YES;
				CLANG_WARN_BOOL_CONVERSION = YES;
				CLANG_WARN_COMMA = YES;
				CLANG_WARN_CONSTANT_CONVERSION = YES;
				CLANG_WARN_DEPRECATED_OBJC_IMPLEMENTATIONS = YES;
				CLANG_WARN_DIRECT_OBJC_ISA_USAGE = YES_ERROR;
				CLANG_WARN_DOCUMENTATION_COMMENTS = YES;
				CLANG_WARN_EMPTY_BODY = YES;
				CLANG_WARN_ENUM_CONVERSION = YES;
				CLANG_WARN_INFINITE_RECURSION = YES;
				CLANG_WARN_INT_CONVERSION = YES;
				CLANG_WARN_NON_LITERAL_NULL_CONVERSION = YES;
				CLANG_WARN_OBJC_IMPLICIT_RETAIN_SELF = YES;
				CLANG_WARN_OBJC_LITERAL_CONVERSION = YES;
				CLANG_WARN_OBJC_ROOT_CLASS = YES_ERROR;
				CLANG_WARN_QUOTED_INCLUDE_IN_FRAMEWORK_HEADER = YES;
				CLANG_WARN_RANGE_LOOP_ANALYSIS = YES;
				CLANG_WARN_STRICT_PROTOTYPES = YES;
				CLANG_WARN_SUSPICIOUS_MOVE = YES;
				CLANG_WARN_UNGUARDED_AVAILABILITY = YES_AGGRESSIVE;
				CLANG_WARN_UNREACHABLE_CODE = YES;
				CLANG_WARN__DUPLICATE_METHOD_MATCH = YES;
				COPY_PHASE_STRIP = NO;
				DEBUG_INFORMATION_FORMAT = dwarf;
				ENABLE_STRICT_OBJC_MSGSEND = YES;
				ENABLE_TESTABILITY = YES;
				ENABLE_USER_SCRIPT_SANDBOXING = YES;
				GCC_C_LANGUAGE_STANDARD = gnu17;
				GCC_DYNAMIC_NO_PIC = NO;
				GCC_NO_COMMON_BLOCKS = YES;
				GCC_OPTIMIZATION_LEVEL = 0;
				GCC_PREPROCESSOR_DEFINITIONS = (
					"DEBUG=1",
					"$(inherited)",
				);
				GCC_WARN_64_TO_32_BIT_CONVERSION = YES;
				GCC_WARN_ABOUT_RETURN_TYPE = YES_ERROR;
				GCC_WARN_UNDECLARED_SELECTOR = YES;
				GCC_WARN_UNINITIALIZED_AUTOS = YES_AGGRESSIVE;
				GCC_WARN_UNUSED_FUNCTION = YES;
				GCC_WARN_UNUSED_VARIABLE = YES;
				LOCALIZATION_PREFERS_STRING_CATALOGS = YES;
				MTL_ENABLE_DEBUG_INFO = INCLUDE_SOURCE;
				MTL_FAST_MATH = YES;
				ONLY_ACTIVE_ARCH = YES;
				SWIFT_ACTIVE_COMPILATION_CONDITIONS = "DEBUG $(inherited)";
				SWIFT_OPTIMIZATION_LEVEL = "-Onone";
			};
			name = Debug;
		};
		B402BC6E2C475C2800E74CA7 /* Release */ = {
			isa = XCBuildConfiguration;
			buildSettings = {
				ALWAYS_SEARCH_USER_PATHS = NO;
				ASSETCATALOG_COMPILER_GENERATE_SWIFT_ASSET_SYMBOL_EXTENSIONS = YES;
				CLANG_ANALYZER_NONNULL = YES;
				CLANG_ANALYZER_NUMBER_OBJECT_CONVERSION = YES_AGGRESSIVE;
				CLANG_CXX_LANGUAGE_STANDARD = "gnu++20";
				CLANG_ENABLE_MODULES = YES;
				CLANG_ENABLE_OBJC_ARC = YES;
				CLANG_ENABLE_OBJC_WEAK = YES;
				CLANG_WARN_BLOCK_CAPTURE_AUTORELEASING = YES;
				CLANG_WARN_BOOL_CONVERSION = YES;
				CLANG_WARN_COMMA = YES;
				CLANG_WARN_CONSTANT_CONVERSION = YES;
				CLANG_WARN_DEPRECATED_OBJC_IMPLEMENTATIONS = YES;
				CLANG_WARN_DIRECT_OBJC_ISA_USAGE = YES_ERROR;
				CLANG_WARN_DOCUMENTATION_COMMENTS = YES;
				CLANG_WARN_EMPTY_BODY = YES;
				CLANG_WARN_ENUM_CONVERSION = YES;
				CLANG_WARN_INFINITE_RECURSION = YES;
				CLANG_WARN_INT_CONVERSION = YES;
				CLANG_WARN_NON_LITERAL_NULL_CONVERSION = YES;
				CLANG_WARN_OBJC_IMPLICIT_RETAIN_SELF = YES;
				CLANG_WARN_OBJC_LITERAL_CONVERSION = YES;
				CLANG_WARN_OBJC_ROOT_CLASS = YES_ERROR;
				CLANG_WARN_QUOTED_INCLUDE_IN_FRAMEWORK_HEADER = YES;
				CLANG_WARN_RANGE_LOOP_ANALYSIS = YES;
				CLANG_WARN_STRICT_PROTOTYPES = YES;
				CLANG_WARN_SUSPICIOUS_MOVE = YES;
				CLANG_WARN_UNGUARDED_AVAILABILITY = YES_AGGRESSIVE;
				CLANG_WARN_UNREACHABLE_CODE = YES;
				CLANG_WARN__DUPLICATE_METHOD_MATCH = YES;
				COPY_PHASE_STRIP = NO;
				DEBUG_INFORMATION_FORMAT = "dwarf-with-dsym";
				ENABLE_NS_ASSERTIONS = NO;
				ENABLE_STRICT_OBJC_MSGSEND = YES;
				ENABLE_USER_SCRIPT_SANDBOXING = YES;
				GCC_C_LANGUAGE_STANDARD = gnu17;
				GCC_NO_COMMON_BLOCKS = YES;
				GCC_WARN_64_TO_32_BIT_CONVERSION = YES;
				GCC_WARN_ABOUT_RETURN_TYPE = YES_ERROR;
				GCC_WARN_UNDECLARED_SELECTOR = YES;
				GCC_WARN_UNINITIALIZED_AUTOS = YES_AGGRESSIVE;
				GCC_WARN_UNUSED_FUNCTION = YES;
				GCC_WARN_UNUSED_VARIABLE = YES;
				LOCALIZATION_PREFERS_STRING_CATALOGS = YES;
				MTL_ENABLE_DEBUG_INFO = NO;
				MTL_FAST_MATH = YES;
				SWIFT_COMPILATION_MODE = wholemodule;
			};
			name = Release;
		};
		B402BC702C475C2800E74CA7 /* Debug */ = {
			isa = XCBuildConfiguration;
			buildSettings = {
				ASSETCATALOG_COMPILER_APPICON_NAME = AppIcon;
				ASSETCATALOG_COMPILER_GLOBAL_ACCENT_COLOR_NAME = AccentColor;
				CODE_SIGN_ENTITLEMENTS = SwiftfulSwiftUIInPractice/SwiftfulSwiftUIInPractice.entitlements;
				CODE_SIGN_STYLE = Automatic;
				CURRENT_PROJECT_VERSION = 1;
				DEVELOPMENT_ASSET_PATHS = "\"SwiftfulSwiftUIInPractice/Preview Content\"";
				DEVELOPMENT_TEAM = QFN5YW7YAB;
				ENABLE_HARDENED_RUNTIME = YES;
				ENABLE_PREVIEWS = YES;
				GENERATE_INFOPLIST_FILE = YES;
				"INFOPLIST_KEY_UIApplicationSceneManifest_Generation[sdk=iphoneos*]" = YES;
				"INFOPLIST_KEY_UIApplicationSceneManifest_Generation[sdk=iphonesimulator*]" = YES;
				"INFOPLIST_KEY_UIApplicationSupportsIndirectInputEvents[sdk=iphoneos*]" = YES;
				"INFOPLIST_KEY_UIApplicationSupportsIndirectInputEvents[sdk=iphonesimulator*]" = YES;
				"INFOPLIST_KEY_UILaunchScreen_Generation[sdk=iphoneos*]" = YES;
				"INFOPLIST_KEY_UILaunchScreen_Generation[sdk=iphonesimulator*]" = YES;
				"INFOPLIST_KEY_UIStatusBarStyle[sdk=iphoneos*]" = UIStatusBarStyleDefault;
				"INFOPLIST_KEY_UIStatusBarStyle[sdk=iphonesimulator*]" = UIStatusBarStyleDefault;
				INFOPLIST_KEY_UISupportedInterfaceOrientations_iPad = "UIInterfaceOrientationPortrait UIInterfaceOrientationPortraitUpsideDown UIInterfaceOrientationLandscapeLeft UIInterfaceOrientationLandscapeRight";
				INFOPLIST_KEY_UISupportedInterfaceOrientations_iPhone = "UIInterfaceOrientationPortrait UIInterfaceOrientationLandscapeLeft UIInterfaceOrientationLandscapeRight";
				IPHONEOS_DEPLOYMENT_TARGET = 18.0;
				LD_RUNPATH_SEARCH_PATHS = "@executable_path/Frameworks";
				"LD_RUNPATH_SEARCH_PATHS[sdk=macosx*]" = "@executable_path/../Frameworks";
				MACOSX_DEPLOYMENT_TARGET = 14.5;
				MARKETING_VERSION = 1.0;
				PRODUCT_BUNDLE_IDENTIFIER = com.suppasit.SwiftfulSwiftUIInPractice;
				PRODUCT_NAME = "$(TARGET_NAME)";
				SDKROOT = auto;
				SUPPORTED_PLATFORMS = "iphoneos iphonesimulator macosx xros xrsimulator";
				SWIFT_EMIT_LOC_STRINGS = YES;
				SWIFT_VERSION = 5.0;
				TARGETED_DEVICE_FAMILY = "1,2,7";
				XROS_DEPLOYMENT_TARGET = 2.0;
			};
			name = Debug;
		};
		B402BC712C475C2800E74CA7 /* Release */ = {
			isa = XCBuildConfiguration;
			buildSettings = {
				ASSETCATALOG_COMPILER_APPICON_NAME = AppIcon;
				ASSETCATALOG_COMPILER_GLOBAL_ACCENT_COLOR_NAME = AccentColor;
				CODE_SIGN_ENTITLEMENTS = SwiftfulSwiftUIInPractice/SwiftfulSwiftUIInPractice.entitlements;
				CODE_SIGN_STYLE = Automatic;
				CURRENT_PROJECT_VERSION = 1;
				DEVELOPMENT_ASSET_PATHS = "\"SwiftfulSwiftUIInPractice/Preview Content\"";
				DEVELOPMENT_TEAM = QFN5YW7YAB;
				ENABLE_HARDENED_RUNTIME = YES;
				ENABLE_PREVIEWS = YES;
				GENERATE_INFOPLIST_FILE = YES;
				"INFOPLIST_KEY_UIApplicationSceneManifest_Generation[sdk=iphoneos*]" = YES;
				"INFOPLIST_KEY_UIApplicationSceneManifest_Generation[sdk=iphonesimulator*]" = YES;
				"INFOPLIST_KEY_UIApplicationSupportsIndirectInputEvents[sdk=iphoneos*]" = YES;
				"INFOPLIST_KEY_UIApplicationSupportsIndirectInputEvents[sdk=iphonesimulator*]" = YES;
				"INFOPLIST_KEY_UILaunchScreen_Generation[sdk=iphoneos*]" = YES;
				"INFOPLIST_KEY_UILaunchScreen_Generation[sdk=iphonesimulator*]" = YES;
				"INFOPLIST_KEY_UIStatusBarStyle[sdk=iphoneos*]" = UIStatusBarStyleDefault;
				"INFOPLIST_KEY_UIStatusBarStyle[sdk=iphonesimulator*]" = UIStatusBarStyleDefault;
				INFOPLIST_KEY_UISupportedInterfaceOrientations_iPad = "UIInterfaceOrientationPortrait UIInterfaceOrientationPortraitUpsideDown UIInterfaceOrientationLandscapeLeft UIInterfaceOrientationLandscapeRight";
				INFOPLIST_KEY_UISupportedInterfaceOrientations_iPhone = "UIInterfaceOrientationPortrait UIInterfaceOrientationLandscapeLeft UIInterfaceOrientationLandscapeRight";
				IPHONEOS_DEPLOYMENT_TARGET = 18.0;
				LD_RUNPATH_SEARCH_PATHS = "@executable_path/Frameworks";
				"LD_RUNPATH_SEARCH_PATHS[sdk=macosx*]" = "@executable_path/../Frameworks";
				MACOSX_DEPLOYMENT_TARGET = 14.5;
				MARKETING_VERSION = 1.0;
				PRODUCT_BUNDLE_IDENTIFIER = com.suppasit.SwiftfulSwiftUIInPractice;
				PRODUCT_NAME = "$(TARGET_NAME)";
				SDKROOT = auto;
				SUPPORTED_PLATFORMS = "iphoneos iphonesimulator macosx xros xrsimulator";
				SWIFT_EMIT_LOC_STRINGS = YES;
				SWIFT_VERSION = 5.0;
				TARGETED_DEVICE_FAMILY = "1,2,7";
				XROS_DEPLOYMENT_TARGET = 2.0;
			};
			name = Release;
		};
/* End XCBuildConfiguration section */

/* Begin XCConfigurationList section */
		B402BC5B2C475C2700E74CA7 /* Build configuration list for PBXProject "SwiftfulSwiftUIInPractice" */ = {
			isa = XCConfigurationList;
			buildConfigurations = (
				B402BC6D2C475C2800E74CA7 /* Debug */,
				B402BC6E2C475C2800E74CA7 /* Release */,
			);
			defaultConfigurationIsVisible = 0;
			defaultConfigurationName = Release;
		};
		B402BC6F2C475C2800E74CA7 /* Build configuration list for PBXNativeTarget "SwiftfulSwiftUIInPractice" */ = {
			isa = XCConfigurationList;
			buildConfigurations = (
				B402BC702C475C2800E74CA7 /* Debug */,
				B402BC712C475C2800E74CA7 /* Release */,
			);
			defaultConfigurationIsVisible = 0;
			defaultConfigurationName = Release;
		};
/* End XCConfigurationList section */

/* Begin XCRemoteSwiftPackageReference section */
		B402BC722C47601500E74CA7 /* XCRemoteSwiftPackageReference "SDWebImageSwiftUI" */ = {
			isa = XCRemoteSwiftPackageReference;
			repositoryURL = "https://github.com/SDWebImage/SDWebImageSwiftUI.git";
			requirement = {
				kind = upToNextMajorVersion;
				minimumVersion = 3.1.1;
			};
		};
		B451CBDD2C48B211003C4B4B /* XCRemoteSwiftPackageReference "SwiftfulUI" */ = {
			isa = XCRemoteSwiftPackageReference;
			repositoryURL = "https://github.com/SwiftfulThinking/SwiftfulUI.git";
			requirement = {
				kind = upToNextMajorVersion;
				minimumVersion = 1.2.0;
			};
		};
		B451CBE02C48B22E003C4B4B /* XCRemoteSwiftPackageReference "SwiftfulRouting" */ = {
			isa = XCRemoteSwiftPackageReference;
			repositoryURL = "https://github.com/SwiftfulThinking/SwiftfulRouting.git";
			requirement = {
				kind = upToNextMajorVersion;
				minimumVersion = 5.3.5;
			};
		};
/* End XCRemoteSwiftPackageReference section */

/* Begin XCSwiftPackageProductDependency section */
		B402BC732C47601500E74CA7 /* SDWebImageSwiftUI */ = {
			isa = XCSwiftPackageProductDependency;
			package = B402BC722C47601500E74CA7 /* XCRemoteSwiftPackageReference "SDWebImageSwiftUI" */;
			productName = SDWebImageSwiftUI;
		};
		B451CBDE2C48B211003C4B4B /* SwiftfulUI */ = {
			isa = XCSwiftPackageProductDependency;
			package = B451CBDD2C48B211003C4B4B /* XCRemoteSwiftPackageReference "SwiftfulUI" */;
			productName = SwiftfulUI;
		};
		B451CBE12C48B22E003C4B4B /* SwiftfulRouting */ = {
			isa = XCSwiftPackageProductDependency;
			package = B451CBE02C48B22E003C4B4B /* XCRemoteSwiftPackageReference "SwiftfulRouting" */;
			productName = SwiftfulRouting;
		};
/* End XCSwiftPackageProductDependency section */
	};
	rootObject = B402BC582C475C2700E74CA7 /* Project object */;
}
